
Microsoft Visual Studio Solution File, Format Version 12.00
# Visual Studio 15
VisualStudioVersion = 15.0.28010.2016
MinimumVisualStudioVersion = 10.0.40219.1
Project("{2150E333-8FDC-42A3-9474-1A3956D46DE8}") = "Server", "Server", "{D90DDD1A-7FF9-453C-9CC7-272B720B206B}"
EndProject
Project("{2150E333-8FDC-42A3-9474-1A3956D46DE8}") = "Client", "Client", "{8C901559-4879-4950-BA9E-2D68A657DF5E}"
EndProject
Project("{8BC9CEB8-8B4A-11D0-8D11-00A0C91BC942}") = "Client", "Client\Client.vcxproj", "{E062A485-48A3-4D68-A227-5DD264AE0850}"
EndProject
Project("{8BC9CEB8-8B4A-11D0-8D11-00A0C91BC942}") = "Server", "Server\Server.vcxproj", "{628CF5F2-2289-4134-B685-8935C5BCB910}"
EndProject
Global
	GlobalSection(SolutionConfigurationPlatforms) = preSolution
		Debug|x64 = Debug|x64
		Debug|x86 = Debug|x86
		Release|x64 = Release|x64
		Release|x86 = Release|x86
	EndGlobalSection
	GlobalSection(ProjectConfigurationPlatforms) = postSolution
		{E062A485-48A3-4D68-A227-5DD264AE0850}.Debug|x64.ActiveCfg = Debug|x64
		{E062A485-48A3-4D68-A227-5DD264AE0850}.Debug|x64.Build.0 = Debug|x64
		{E062A485-48A3-4D68-A227-5DD264AE0850}.Debug|x86.ActiveCfg = Debug|Win32
		{E062A485-48A3-4D68-A227-5DD264AE0850}.Debug|x86.Build.0 = Debug|Win32
		{E062A485-48A3-4D68-A227-5DD264AE0850}.Release|x64.ActiveCfg = Release|x64
		{E062A485-48A3-4D68-A227-5DD264AE0850}.Release|x64.Build.0 = Release|x64
		{E062A485-48A3-4D68-A227-5DD264AE0850}.Release|x86.ActiveCfg = Release|Win32
		{E062A485-48A3-4D68-A227-5DD264AE0850}.Release|x86.Build.0 = Release|Win32
		{628CF5F2-2289-4134-B685-8935C5BCB910}.Debug|x64.ActiveCfg = Debug|x64
		{628CF5F2-2289-4134-B685-8935C5BCB910}.Debug|x64.Build.0 = Debug|x64
		{628CF5F2-2289-4134-B685-8935C5BCB910}.Debug|x86.ActiveCfg = Debug|Win32
		{628CF5F2-2289-4134-B685-8935C5BCB910}.Debug|x86.Build.0 = Debug|Win32
		{628CF5F2-2289-4134-B685-8935C5BCB910}.Release|x64.ActiveCfg = Release|x64
		{628CF5F2-2289-4134-B685-8935C5BCB910}.Release|x64.Build.0 = Release|x64
		{628CF5F2-2289-4134-B685-8935C5BCB910}.Release|x86.ActiveCfg = Release|Win32
		{628CF5F2-2289-4134-B685-8935C5BCB910}.Release|x86.Build.0 = Release|Win32
	EndGlobalSection
	GlobalSection(SolutionProperties) = preSolution
		HideSolutionNode = FALSE
	EndGlobalSection
	GlobalSection(NestedProjects) = preSolution
		{E062A485-48A3-4D68-A227-5DD264AE0850} = {8C901559-4879-4950-BA9E-2D68A657DF5E}
		{628CF5F2-2289-4134-B685-8935C5BCB910} = {D90DDD1A-7FF9-453C-9CC7-272B720B206B}
	EndGlobalSection
	GlobalSection(ExtensibilityGlobals) = postSolution
		SolutionGuid = {79FF4059-6579-4A2A-AFF5-F5A7C73A8A27}
	EndGlobalSection
EndGlobal
